
Microsoft Visual Studio Solution File, Format Version 12.00
# Visual Studio Version 17
VisualStudioVersion = 17.7.34009.444
MinimumVisualStudioVersion = 10.0.40219.1
Project("{FAE04EC0-301F-11D3-BF4B-00C04F79EFBC}") = "Diagram_04_12_2023", "Diagram_04_12_2023\Diagram_04_12_2023.csproj", "{86A54645-D783-4B60-A123-D60813D2693A}"
EndProject
Global
	GlobalSection(SolutionConfigurationPlatforms) = preSolution
		Debug|Any CPU = Debug|Any CPU
		Release|Any CPU = Release|Any CPU
	EndGlobalSection
	GlobalSection(ProjectConfigurationPlatforms) = postSolution
		{86A54645-D783-4B60-A123-D60813D2693A}.Debug|Any CPU.ActiveCfg = Debug|Any CPU
		{86A54645-D783-4B60-A123-D60813D2693A}.Debug|Any CPU.Build.0 = Debug|Any CPU
		{86A54645-D783-4B60-A123-D60813D2693A}.Release|Any CPU.ActiveCfg = Release|Any CPU
		{86A54645-D783-4B60-A123-D60813D2693A}.Release|Any CPU.Build.0 = Release|Any CPU
	EndGlobalSection
	GlobalSection(SolutionProperties) = preSolution
		HideSolutionNode = FALSE
	EndGlobalSection
	GlobalSection(ExtensibilityGlobals) = postSolution
		SolutionGuid = {20752370-BB3B-43A7-A601-F65527900F7E}
	EndGlobalSection
EndGlobal
